
Microsoft Visual Studio Solution File, Format Version 12.00
# Visual Studio Version 17
VisualStudioVersion = 17.5.002.0
MinimumVisualStudioVersion = 10.0.40219.1
Project("{FAE04EC0-301F-11D3-BF4B-00C04F79EFBC}") = "WebApi", "WebApi\WebApi.csproj", "{B629B9D2-55C8-46E7-AB0A-B0634375EF56}"
EndProject
Project("{2150E333-8FDC-42A3-9474-1A3956D46DE8}") = "src", "src", "{9EAF0919-7AF9-4EF5-B1FD-7E010AFB36AA}"
EndProject
Project("{FAE04EC0-301F-11D3-BF4B-00C04F79EFBC}") = "Estaciones.Application", "src\Application\Estaciones.Application.csproj", "{974B2FDD-AEAD-4CBE-9360-22EA81F7F47D}"
EndProject
Project("{FAE04EC0-301F-11D3-BF4B-00C04F79EFBC}") = "Estaciones.Domain", "src\Domain\Estaciones.Domain.csproj", "{67257D72-6AE2-4B2F-A208-7A1E3C6397DE}"
EndProject
Project("{FAE04EC0-301F-11D3-BF4B-00C04F79EFBC}") = "Estaciones.Infrastructure", "src\Infrastructure\Estaciones.Infrastructure.csproj", "{1C594905-5E33-49A3-9379-FD6E3EC02A70}"
EndProject
Project("{2150E333-8FDC-42A3-9474-1A3956D46DE8}") = "test", "test", "{D7FF73B2-27F6-4F9F-ABBB-F7A75BD75C06}"
EndProject
Project("{FAE04EC0-301F-11D3-BF4B-00C04F79EFBC}") = "Estaciones.Application.test", "test\Application\Estaciones.Application.test.csproj", "{9A6E3A44-F7BD-4D88-BD96-EC93EDA3A75D}"
EndProject
Project("{FAE04EC0-301F-11D3-BF4B-00C04F79EFBC}") = "WebApi.test", "test\WebApi\WebApi.test.csproj", "{18A37238-9BC2-4553-8CB5-F61241CFE977}"
EndProject
Global
	GlobalSection(SolutionConfigurationPlatforms) = preSolution
		Debug|Any CPU = Debug|Any CPU
		Release|Any CPU = Release|Any CPU
	EndGlobalSection
	GlobalSection(ProjectConfigurationPlatforms) = postSolution
		{B629B9D2-55C8-46E7-AB0A-B0634375EF56}.Debug|Any CPU.ActiveCfg = Debug|Any CPU
		{B629B9D2-55C8-46E7-AB0A-B0634375EF56}.Debug|Any CPU.Build.0 = Debug|Any CPU
		{B629B9D2-55C8-46E7-AB0A-B0634375EF56}.Release|Any CPU.ActiveCfg = Release|Any CPU
		{B629B9D2-55C8-46E7-AB0A-B0634375EF56}.Release|Any CPU.Build.0 = Release|Any CPU
		{974B2FDD-AEAD-4CBE-9360-22EA81F7F47D}.Debug|Any CPU.ActiveCfg = Debug|Any CPU
		{974B2FDD-AEAD-4CBE-9360-22EA81F7F47D}.Debug|Any CPU.Build.0 = Debug|Any CPU
		{974B2FDD-AEAD-4CBE-9360-22EA81F7F47D}.Release|Any CPU.ActiveCfg = Release|Any CPU
		{974B2FDD-AEAD-4CBE-9360-22EA81F7F47D}.Release|Any CPU.Build.0 = Release|Any CPU
		{67257D72-6AE2-4B2F-A208-7A1E3C6397DE}.Debug|Any CPU.ActiveCfg = Debug|Any CPU
		{67257D72-6AE2-4B2F-A208-7A1E3C6397DE}.Debug|Any CPU.Build.0 = Debug|Any CPU
		{67257D72-6AE2-4B2F-A208-7A1E3C6397DE}.Release|Any CPU.ActiveCfg = Release|Any CPU
		{67257D72-6AE2-4B2F-A208-7A1E3C6397DE}.Release|Any CPU.Build.0 = Release|Any CPU
		{1C594905-5E33-49A3-9379-FD6E3EC02A70}.Debug|Any CPU.ActiveCfg = Debug|Any CPU
		{1C594905-5E33-49A3-9379-FD6E3EC02A70}.Debug|Any CPU.Build.0 = Debug|Any CPU
		{1C594905-5E33-49A3-9379-FD6E3EC02A70}.Release|Any CPU.ActiveCfg = Release|Any CPU
		{1C594905-5E33-49A3-9379-FD6E3EC02A70}.Release|Any CPU.Build.0 = Release|Any CPU
		{9A6E3A44-F7BD-4D88-BD96-EC93EDA3A75D}.Debug|Any CPU.ActiveCfg = Debug|Any CPU
		{9A6E3A44-F7BD-4D88-BD96-EC93EDA3A75D}.Debug|Any CPU.Build.0 = Debug|Any CPU
		{9A6E3A44-F7BD-4D88-BD96-EC93EDA3A75D}.Release|Any CPU.ActiveCfg = Release|Any CPU
		{9A6E3A44-F7BD-4D88-BD96-EC93EDA3A75D}.Release|Any CPU.Build.0 = Release|Any CPU
		{18A37238-9BC2-4553-8CB5-F61241CFE977}.Debug|Any CPU.ActiveCfg = Debug|Any CPU
		{18A37238-9BC2-4553-8CB5-F61241CFE977}.Debug|Any CPU.Build.0 = Debug|Any CPU
		{18A37238-9BC2-4553-8CB5-F61241CFE977}.Release|Any CPU.ActiveCfg = Release|Any CPU
		{18A37238-9BC2-4553-8CB5-F61241CFE977}.Release|Any CPU.Build.0 = Release|Any CPU
	EndGlobalSection
	GlobalSection(SolutionProperties) = preSolution
		HideSolutionNode = FALSE
	EndGlobalSection
	GlobalSection(ExtensibilityGlobals) = postSolution
		SolutionGuid = {0F137E19-E63C-4743-9F23-D6E895AE9632}
	EndGlobalSection
	GlobalSection(NestedProjects) = preSolution
		{974B2FDD-AEAD-4CBE-9360-22EA81F7F47D} = {9EAF0919-7AF9-4EF5-B1FD-7E010AFB36AA}
		{67257D72-6AE2-4B2F-A208-7A1E3C6397DE} = {9EAF0919-7AF9-4EF5-B1FD-7E010AFB36AA}
		{1C594905-5E33-49A3-9379-FD6E3EC02A70} = {9EAF0919-7AF9-4EF5-B1FD-7E010AFB36AA}
		{9A6E3A44-F7BD-4D88-BD96-EC93EDA3A75D} = {D7FF73B2-27F6-4F9F-ABBB-F7A75BD75C06}
		{18A37238-9BC2-4553-8CB5-F61241CFE977} = {D7FF73B2-27F6-4F9F-ABBB-F7A75BD75C06}
	EndGlobalSection
EndGlobal
